{
  "name": "vtwindow",
  "version": "0.1.0",
  "lockfileVersion": 1,
  "requires": true,
  "dependencies": {
    "fsevents": {
      "version": "2.1.2",
      "resolved": "https://registry.npmjs.org/fsevents/-/fsevents-2.1.2.tgz",
      "integrity": "sha512-R4wDiBwZ0KzpgOWetKDug1FZcYhqYnUYKtfZYt4mD5SBz76q0KR4Q9o7GIPamsVPGmW3EYPPJ0dOOjvx32ldZA==",
      "dev": true,
      "optional": true
    },
    "rollup": {
      "version": "2.2.0",
      "resolved": "https://registry.npmjs.org/rollup/-/rollup-2.2.0.tgz",
      "integrity": "sha512-iAu/j9/WJ0i+zT0sAMuQnsEbmOKzdQ4Yxu5rbPs9aUCyqveI1Kw3H4Fi9NWfCOpb8luEySD2lDyFWL9CrLE8iw==",
      "dev": true,
      "requires": {
        "fsevents": "~2.1.2"
      }
    }
  }
}
