{
  "name": "vtwindow",
  "version": "0.1.0",
  "lockfileVersion": 1,
  "requires": true,
  "dependencies": {
    "fsevents": {
      "version": "2.3.2",
      "resolved": "https://registry.npmjs.org/fsevents/-/fsevents-2.3.2.tgz",
      "integrity": "sha512-xiqMQR4xAeHTuB9uWm+fFRcIOgKBMiOBP+eXiyT7jsgVCq1bkVygt00oASowB7EdtpOHaaPgKt812P9ab+DDKA==",
      "dev": true,
      "optional": true
    },
    "rollup": {
      "version": "2.50.3",
      "resolved": "https://registry.npmjs.org/rollup/-/rollup-2.50.3.tgz",
      "integrity": "sha512-58KiHnaCzZn6F5yRMjHe7WTZuFj6r4iJVJz5UwvKD6f/xfTy2IdtbR2AVHN6cyfK1tBy//hJ66ebXy6Y1h7HlQ==",
      "dev": true,
      "requires": {
        "fsevents": "~2.3.1"
      }
    }
  }
}
