{
  "name": "vtwindow",
  "version": "0.1.0",
  "lockfileVersion": 1,
  "requires": true,
  "dependencies": {
    "fsevents": {
      "version": "2.3.2",
      "resolved": "https://registry.npmjs.org/fsevents/-/fsevents-2.3.2.tgz",
      "integrity": "sha512-xiqMQR4xAeHTuB9uWm+fFRcIOgKBMiOBP+eXiyT7jsgVCq1bkVygt00oASowB7EdtpOHaaPgKt812P9ab+DDKA==",
      "dev": true,
      "optional": true
    },
    "rollup": {
      "version": "2.50.6",
      "resolved": "https://registry.npmjs.org/rollup/-/rollup-2.50.6.tgz",
      "integrity": "sha512-6c5CJPLVgo0iNaZWWliNu1Kl43tjP9LZcp6D/tkf2eLH2a9/WeHxg9vfTFl8QV/2SOyaJX37CEm9XuGM0rviUg==",
      "dev": true,
      "requires": {
        "fsevents": "~2.3.1"
      }
    }
  }
}
